
Microsoft Visual Studio Solution File, Format Version 12.00
# Visual Studio Version 17
VisualStudioVersion = 17.3.32819.101
MinimumVisualStudioVersion = 10.0.40219.1
Project("{9A19103F-16F7-4668-BE54-9A1E7A4F7556}") = "HotelForm", "HotelForm\HotelForm.csproj", "{8F18CFA0-7A0E-419F-8DD7-A1B2756FB5D6}"
	ProjectSection(ProjectDependencies) = postProject
		{5C476CAC-F835-4B11-B43C-ED635180896E} = {5C476CAC-F835-4B11-B43C-ED635180896E}
	EndProjectSection
EndProject
Project("{9A19103F-16F7-4668-BE54-9A1E7A4F7556}") = "HotelAPI", "HotelAPI\HotelAPI.csproj", "{7236DAEB-F265-4D58-AA20-0D5D2AC09CF5}"
EndProject
Project("{9A19103F-16F7-4668-BE54-9A1E7A4F7556}") = "HotelBackEnd", "HotelBackEnd\HotelBackEnd.csproj", "{5C476CAC-F835-4B11-B43C-ED635180896E}"
EndProject
Global
	GlobalSection(SolutionConfigurationPlatforms) = preSolution
		Debug|Any CPU = Debug|Any CPU
		Release|Any CPU = Release|Any CPU
	EndGlobalSection
	GlobalSection(ProjectConfigurationPlatforms) = postSolution
		{8F18CFA0-7A0E-419F-8DD7-A1B2756FB5D6}.Debug|Any CPU.ActiveCfg = Debug|Any CPU
		{8F18CFA0-7A0E-419F-8DD7-A1B2756FB5D6}.Debug|Any CPU.Build.0 = Debug|Any CPU
		{8F18CFA0-7A0E-419F-8DD7-A1B2756FB5D6}.Release|Any CPU.ActiveCfg = Release|Any CPU
		{8F18CFA0-7A0E-419F-8DD7-A1B2756FB5D6}.Release|Any CPU.Build.0 = Release|Any CPU
		{7236DAEB-F265-4D58-AA20-0D5D2AC09CF5}.Debug|Any CPU.ActiveCfg = Debug|Any CPU
		{7236DAEB-F265-4D58-AA20-0D5D2AC09CF5}.Debug|Any CPU.Build.0 = Debug|Any CPU
		{7236DAEB-F265-4D58-AA20-0D5D2AC09CF5}.Release|Any CPU.ActiveCfg = Release|Any CPU
		{7236DAEB-F265-4D58-AA20-0D5D2AC09CF5}.Release|Any CPU.Build.0 = Release|Any CPU
		{5C476CAC-F835-4B11-B43C-ED635180896E}.Debug|Any CPU.ActiveCfg = Debug|Any CPU
		{5C476CAC-F835-4B11-B43C-ED635180896E}.Debug|Any CPU.Build.0 = Debug|Any CPU
		{5C476CAC-F835-4B11-B43C-ED635180896E}.Release|Any CPU.ActiveCfg = Release|Any CPU
		{5C476CAC-F835-4B11-B43C-ED635180896E}.Release|Any CPU.Build.0 = Release|Any CPU
	EndGlobalSection
	GlobalSection(SolutionProperties) = preSolution
		HideSolutionNode = FALSE
	EndGlobalSection
	GlobalSection(ExtensibilityGlobals) = postSolution
		SolutionGuid = {BBE0DD81-E3B2-4A94-8B64-88967DB4A5A4}
	EndGlobalSection
EndGlobal
