
Microsoft Visual Studio Solution File, Format Version 12.00
# Visual Studio Version 17
VisualStudioVersion = 17.4.33213.308
MinimumVisualStudioVersion = 10.0.40219.1
Project("{FAE04EC0-301F-11D3-BF4B-00C04F79EFBC}") = "PrimeraWebAPI", "PrimeraWebAPI.csproj", "{E5423B03-76CD-4E4C-940B-9344F9CDB88A}"
EndProject
Global
	GlobalSection(SolutionConfigurationPlatforms) = preSolution
		Debug|Any CPU = Debug|Any CPU
		Release|Any CPU = Release|Any CPU
	EndGlobalSection
	GlobalSection(ProjectConfigurationPlatforms) = postSolution
		{E5423B03-76CD-4E4C-940B-9344F9CDB88A}.Debug|Any CPU.ActiveCfg = Debug|Any CPU
		{E5423B03-76CD-4E4C-940B-9344F9CDB88A}.Debug|Any CPU.Build.0 = Debug|Any CPU
		{E5423B03-76CD-4E4C-940B-9344F9CDB88A}.Release|Any CPU.ActiveCfg = Release|Any CPU
		{E5423B03-76CD-4E4C-940B-9344F9CDB88A}.Release|Any CPU.Build.0 = Release|Any CPU
	EndGlobalSection
	GlobalSection(SolutionProperties) = preSolution
		HideSolutionNode = FALSE
	EndGlobalSection
	GlobalSection(ExtensibilityGlobals) = postSolution
		SolutionGuid = {17C5F24F-9DE6-4625-8A16-4D86A0C5E7FA}
	EndGlobalSection
EndGlobal
